# rules.lock — every rule ID Coral has ever published, with its enforcement class.
#
# [VER-1] makes rule IDs append-only: never renumbered, never recycled, never
# removed. A project CORAL.md cites [STATE-5] and that citation must mean the
# same thing in five years, so this file is the checked-in record the build
# compares against. An ID that disappears, or whose class changes, fails the
# build until the change is deliberate: regenerate with `npm run rules:lock`
# and record it in CHANGELOG.md.
#
# Generated. Do not hand-edit.

AGENT-1	guide	CONVENTIONS.md
AGENT-2	review	CONVENTIONS.md
AGENT-3	guide	CONVENTIONS.md
AGENT-4	review	CONVENTIONS.md
AGENT-5	review	CONVENTIONS.md
AGENTIC-1	guide	appendix/agentic-app.md
AGENTIC-10	review	appendix/agentic-app.md
AGENTIC-11	review	appendix/agentic-app.md
AGENTIC-12	review	appendix/agentic-app.md
AGENTIC-13	review	appendix/agentic-app.md
AGENTIC-2	guide	appendix/agentic-app.md
AGENTIC-3	review	appendix/agentic-app.md
AGENTIC-4	review	appendix/agentic-app.md
AGENTIC-5	review	appendix/agentic-app.md
AGENTIC-6	guide	appendix/agentic-app.md
AGENTIC-7	review	appendix/agentic-app.md
AGENTIC-8	review	appendix/agentic-app.md
AGENTIC-9	review	appendix/agentic-app.md
BE-1	review	appendix/backend.md
BE-2	review	appendix/backend.md
BE-3	review	appendix/backend.md
BE-4	review	appendix/backend.md
BE-5	auto	appendix/backend.md
BE-6	review	appendix/backend.md
BE-7	review	appendix/backend.md
BE-8	review	appendix/backend.md
BOUND-1	guide	PRODUCTION.md
BOUND-2	review	ARCHITECTURE.md
BOUND-3	review	PRODUCTION.md
BOUND-4	guide	PRODUCTION.md
BOUND-5	review	PRODUCTION.md
BUCKET-1	auto	PRODUCTION.md
BUCKET-2	guide	PRODUCTION.md
CHAN-1	review	SYSTEM.md
CHAN-10	review	SYSTEM.md
CHAN-2	guide	SYSTEM.md
CHAN-3	auto	SYSTEM.md
CHAN-4	review	SYSTEM.md
CHAN-5	review	SYSTEM.md
CHAN-6	review	SYSTEM.md
CHAN-7	review	SYSTEM.md
CHAN-8	review	SYSTEM.md
CHAN-9	review	SYSTEM.md
CLI-1	review	appendix/cli.md
CLI-10	auto	appendix/cli.md
CLI-11	auto	appendix/cli.md
CLI-2	review	appendix/cli.md
CLI-3	auto	appendix/cli.md
CLI-4	review	appendix/cli.md
CLI-5	guide	appendix/cli.md
CLI-6	auto	appendix/cli.md
CLI-7	guide	appendix/cli.md
CLI-8	auto	appendix/cli.md
CLI-9	review	appendix/cli.md
COMPOSE-1	review	ARCHITECTURE.md
COMPOSE-2	review	PRODUCTION.md
COMPOSE-3	review	PRODUCTION.md
COMPOSE-4	review	PRODUCTION.md
CONC-1	auto	PRODUCTION.md
CONC-2	review	PRODUCTION.md
CONC-3	review	PRODUCTION.md
CONC-4	review	PRODUCTION.md
CONC-5	guide	PRODUCTION.md
CONFIG-1	review	PRODUCTION.md
CONFIG-2	auto	PRODUCTION.md
CONFIG-3	review	PRODUCTION.md
CONFIG-4	auto	PRODUCTION.md
CONTRACT-1	review	PRODUCTION.md
CONTRACT-2	review	PRODUCTION.md
DUP-1	guide	PRODUCTION.md
DUP-2	review	PRODUCTION.md
DUP-3	review	PRODUCTION.md
DUP-4	review	PRODUCTION.md
EFFECT-1	review	PRODUCTION.md
EFFECT-2	review	PRODUCTION.md
EFFECT-3	guide	PRODUCTION.md
EFFECT-4	review	PRODUCTION.md
ERR-1	review	PRODUCTION.md
ERR-2	auto	PRODUCTION.md
ERR-3	review	PRODUCTION.md
ERR-4	review	PRODUCTION.md
GHA-1	review	appendix/gh-action.md
GHA-10	auto	appendix/gh-action.md
GHA-11	review	appendix/gh-action.md
GHA-12	review	appendix/gh-action.md
GHA-2	review	appendix/gh-action.md
GHA-3	auto	appendix/gh-action.md
GHA-4	review	appendix/gh-action.md
GHA-5	review	appendix/gh-action.md
GHA-6	review	appendix/gh-action.md
GHA-7	review	appendix/gh-action.md
GHA-8	guide	appendix/gh-action.md
GHA-9	review	appendix/gh-action.md
GROW-1	guide	PRODUCTION.md
GROW-2	review	PRODUCTION.md
GROW-3	review	PRODUCTION.md
IDEM-1	review	PRODUCTION.md
IDEM-2	auto	PRODUCTION.md
IDEM-3	review	PRODUCTION.md
IDEM-4	review	PRODUCTION.md
IDEM-5	review	PRODUCTION.md
IDEM-6	review	PRODUCTION.md
LIB-1	review	appendix/library.md
LIB-10	review	appendix/library.md
LIB-11	review	appendix/library.md
LIB-12	guide	appendix/library.md
LIB-13	review	appendix/library.md
LIB-2	review	appendix/library.md
LIB-3	auto	appendix/library.md
LIB-4	review	appendix/library.md
LIB-5	auto	appendix/library.md
LIB-6	review	appendix/library.md
LIB-7	review	appendix/library.md
LIB-8	review	appendix/library.md
LIB-9	review	appendix/library.md
MODEL-1	review	ARCHITECTURE.md
MODEL-2	review	PRODUCTION.md
MODEL-3	guide	PRODUCTION.md
MODEL-4	review	PRODUCTION.md
OBS-1	guide	PRODUCTION.md
OBS-2	review	PRODUCTION.md
OBS-3	review	PRODUCTION.md
ORCH-1	review	SYSTEM.md
ORCH-2	review	SYSTEM.md
ORCH-3	guide	SYSTEM.md
ORCH-4	review	SYSTEM.md
ORCH-5	review	SYSTEM.md
ORCH-6	review	SYSTEM.md
ROOT-1	review	PRODUCTION.md
ROOT-2	auto	PRODUCTION.md
ROOT-3	guide	PRODUCTION.md
SCOPE-1	guide	ARCHITECTURE.md
SCOPE-2	guide	ARCHITECTURE.md
SCOPE-3	review	PRODUCTION.md
SCOPE-4	guide	ARCHITECTURE.md
STATE-1	review	PRODUCTION.md
STATE-2	auto	PRODUCTION.md
STATE-3	guide	PRODUCTION.md
STATE-4	review	PRODUCTION.md
STATE-5	review	PRODUCTION.md
STATE-6	review	PRODUCTION.md
STATE-7	review	PRODUCTION.md
STRUCT-1	auto	PRODUCTION.md
STRUCT-2	review	PRODUCTION.md
STRUCT-3	auto	PRODUCTION.md
SYS-TEST-1	review	SYSTEM.md
SYS-TEST-2	review	SYSTEM.md
SYS-TEST-3	review	SYSTEM.md
SYS-TEST-4	guide	SYSTEM.md
SYS-TEST-5	review	SYSTEM.md
TEST-1	review	ARCHITECTURE.md
TEST-2	review	PRODUCTION.md
TEST-3	review	PRODUCTION.md
TEST-4	review	PRODUCTION.md
TRUST-1	review	PRODUCTION.md
TRUST-2	review	PRODUCTION.md
VER-1	auto	CONVENTIONS.md
VER-2	review	CONVENTIONS.md
VER-3	review	CONVENTIONS.md
VER-4	auto	CONVENTIONS.md
VER-5	auto	CONVENTIONS.md
VER-6	auto	CONVENTIONS.md
WEB-1	review	appendix/web.md
WEB-10	review	appendix/web.md
WEB-11	review	appendix/web.md
WEB-12	review	appendix/web.md
WEB-2	guide	appendix/web.md
WEB-3	review	appendix/web.md
WEB-4	auto	appendix/web.md
WEB-5	review	appendix/web.md
WEB-6	guide	appendix/web.md
WEB-7	review	appendix/web.md
WEB-8	auto	appendix/web.md
WEB-9	auto	appendix/web.md
XCUT-1	review	ARCHITECTURE.md
XCUT-2	auto	PRODUCTION.md
XCUT-3	review	PRODUCTION.md
XCUT-4	guide	PRODUCTION.md
XCUT-5	review	PRODUCTION.md
